
Microsoft Visual Studio Solution File, Format Version 12.00
# Visual Studio Version 17
VisualStudioVersion = 17.2.32630.192
MinimumVisualStudioVersion = 10.0.40219.1
Project("{9A19103F-16F7-4668-BE54-9A1E7A4F7556}") = "ContactList", "ContactList\ContactList.csproj", "{A2540D70-27C4-4781-B82E-09B7C121DD09}"
EndProject
Project("{FAE04EC0-301F-11D3-BF4B-00C04F79EFBC}") = "ContactList.Database", "ContactList.Database\ContactList.Database.csproj", "{09C2D52A-B59B-4F6D-9AAD-43905CA5DC1C}"
EndProject
Project("{FAE04EC0-301F-11D3-BF4B-00C04F79EFBC}") = "ContactList.Domain", "ContactList.Domain\ContactList.Domain.csproj", "{B0B9CB60-A859-4A7A-9202-3AABF8E152A1}"
EndProject
Global
	GlobalSection(SolutionConfigurationPlatforms) = preSolution
		Debug|Any CPU = Debug|Any CPU
		Release|Any CPU = Release|Any CPU
	EndGlobalSection
	GlobalSection(ProjectConfigurationPlatforms) = postSolution
		{A2540D70-27C4-4781-B82E-09B7C121DD09}.Debug|Any CPU.ActiveCfg = Debug|Any CPU
		{A2540D70-27C4-4781-B82E-09B7C121DD09}.Debug|Any CPU.Build.0 = Debug|Any CPU
		{A2540D70-27C4-4781-B82E-09B7C121DD09}.Release|Any CPU.ActiveCfg = Release|Any CPU
		{A2540D70-27C4-4781-B82E-09B7C121DD09}.Release|Any CPU.Build.0 = Release|Any CPU
		{09C2D52A-B59B-4F6D-9AAD-43905CA5DC1C}.Debug|Any CPU.ActiveCfg = Debug|Any CPU
		{09C2D52A-B59B-4F6D-9AAD-43905CA5DC1C}.Debug|Any CPU.Build.0 = Debug|Any CPU
		{09C2D52A-B59B-4F6D-9AAD-43905CA5DC1C}.Release|Any CPU.ActiveCfg = Release|Any CPU
		{09C2D52A-B59B-4F6D-9AAD-43905CA5DC1C}.Release|Any CPU.Build.0 = Release|Any CPU
		{B0B9CB60-A859-4A7A-9202-3AABF8E152A1}.Debug|Any CPU.ActiveCfg = Debug|Any CPU
		{B0B9CB60-A859-4A7A-9202-3AABF8E152A1}.Debug|Any CPU.Build.0 = Debug|Any CPU
		{B0B9CB60-A859-4A7A-9202-3AABF8E152A1}.Release|Any CPU.ActiveCfg = Release|Any CPU
		{B0B9CB60-A859-4A7A-9202-3AABF8E152A1}.Release|Any CPU.Build.0 = Release|Any CPU
	EndGlobalSection
	GlobalSection(SolutionProperties) = preSolution
		HideSolutionNode = FALSE
	EndGlobalSection
	GlobalSection(ExtensibilityGlobals) = postSolution
		SolutionGuid = {91F55F21-0E2F-4001-8C90-9B57292D9D5C}
	EndGlobalSection
EndGlobal
